// !$*UTF8*$!
{
	archiveVersion = 1;
	classes = {
	};
	objectVersion = 46;
	objects = {

/* Begin PBXBuildFile section */
		BE48DB751BFC0428004537BD /* main.m in Sources */ = {isa = PBXBuildFile; fileRef = BE48DB741BFC0428004537BD /* main.m */; };
		BE48DB781BFC0428004537BD /* AppDelegate.m in Sources */ = {isa = PBXBuildFile; fileRef = BE48DB771BFC0428004537BD /* AppDelegate.m */; };
		BE48DB7B1BFC0428004537BD /* ViewController.m in Sources */ = {isa = PBXBuildFile; fileRef = BE48DB7A1BFC0428004537BD /* ViewController.m */; };
		BE48DB7E1BFC0428004537BD /* Main.storyboard in Resources */ = {isa = PBXBuildFile; fileRef = BE48DB7C1BFC0428004537BD /* Main.storyboard */; };
		BE48DB801BFC0428004537BD /* Assets.xcassets in Resources */ = {isa = PBXBuildFile; fileRef = BE48DB7F1BFC0428004537BD /* Assets.xcassets */; };
		BE48DB831BFC0428004537BD /* LaunchScreen.storyboard in Resources */ = {isa = PBXBuildFile; fileRef = BE48DB811BFC0428004537BD /* LaunchScreen.storyboard */; };
		BE48DB8B1BFC0443004537BD /* Social.framework in Frameworks */ = {isa = PBXBuildFile; fileRef = BE48DB8A1BFC0443004537BD /* Social.framework */; };
/* End PBXBuildFile section */

/* Begin PBXFileReference section */
		BE48DB701BFC0427004537BD /* ShareAway.app */ = {isa = PBXFileReference; explicitFileType = wrapper.application; includeInIndex = 0; path = ShareAway.app; sourceTree = BUILT_PRODUCTS_DIR; };
		BE48DB741BFC0428004537BD /* main.m */ = {isa = PBXFileReference; lastKnownFileType = sourcecode.c.objc; path = main.m; sourceTree = "<group>"; };
		BE48DB761BFC0428004537BD /* AppDelegate.h */ = {isa = PBXFileReference; lastKnownFileType = sourcecode.c.h; path = AppDelegate.h; sourceTree = "<group>"; };
		BE48DB771BFC0428004537BD /* AppDelegate.m */ = {isa = PBXFileReference; lastKnownFileType = sourcecode.c.objc; path = AppDelegate.m; sourceTree = "<group>"; };
		BE48DB791BFC0428004537BD /* ViewController.h */ = {isa = PBXFileReference; lastKnownFileType = sourcecode.c.h; path = ViewController.h; sourceTree = "<group>"; };
		BE48DB7A1BFC0428004537BD /* ViewController.m */ = {isa = PBXFileReference; lastKnownFileType = sourcecode.c.objc; path = ViewController.m; sourceTree = "<group>"; };
		BE48DB7D1BFC0428004537BD /* Base */ = {isa = PBXFileReference; lastKnownFileType = file.storyboard; name = Base; path = Base.lproj/Main.storyboard; sourceTree = "<group>"; };
		BE48DB7F1BFC0428004537BD /* Assets.xcassets */ = {isa = PBXFileReference; lastKnownFileType = folder.assetcatalog; path = Assets.xcassets; sourceTree = "<group>"; };
		BE48DB821BFC0428004537BD /* Base */ = {isa = PBXFileReference; lastKnownFileType = file.storyboard; name = Base; path = Base.lproj/LaunchScreen.storyboard; sourceTree = "<group>"; };
		BE48DB841BFC0428004537BD /* Info.plist */ = {isa = PBXFileReference; lastKnownFileType = text.plist.xml; path = Info.plist; sourceTree = "<group>"; };
		BE48DB8A1BFC0443004537BD /* Social.framework */ = {isa = PBXFileReference; lastKnownFileType = wrapper.framework; name = Social.framework; path = System/Library/Frameworks/Social.framework; sourceTree = SDKROOT; };
/* End PBXFileReference section */

/* Begin PBXFrameworksBuildPhase section */
		BE48DB6D1BFC0427004537BD /* Frameworks */ = {
			isa = PBXFrameworksBuildPhase;
			buildActionMask = 2147483647;
			files = (
				BE48DB8B1BFC0443004537BD /* Social.framework in Frameworks */,
			);
			runOnlyForDeploymentPostprocessing = 0;
		};
/* End PBXFrameworksBuildPhase section */

/* Begin PBXGroup section */
		BE48DB671BFC0427004537BD = {
			isa = PBXGroup;
			children = (
				BE48DB8A1BFC0443004537BD /* Social.framework */,
				BE48DB721BFC0427004537BD /* ShareAway */,
				BE48DB711BFC0427004537BD /* Products */,
			);
			sourceTree = "<group>";
		};
		BE48DB711BFC0427004537BD /* Products */ = {
			isa = PBXGroup;
			children = (
				BE48DB701BFC0427004537BD /* ShareAway.app */,
			);
			name = Products;
			sourceTree = "<group>";
		};
		BE48DB721BFC0427004537BD /* ShareAway */ = {
			isa = PBXGroup;
			children = (
				BE48DB761BFC0428004537BD /* AppDelegate.h */,
				BE48DB771BFC0428004537BD /* AppDelegate.m */,
				BE48DB791BFC0428004537BD /* ViewController.h */,
				BE48DB7A1BFC0428004537BD /* ViewController.m */,
				BE48DB7C1BFC0428004537BD /* Main.storyboard */,
				BE48DB7F1BFC0428004537BD /* Assets.xcassets */,
				BE48DB811BFC0428004537BD /* LaunchScreen.storyboard */,
				BE48DB841BFC0428004537BD /* Info.plist */,
				BE48DB731BFC0427004537BD /* Supporting Files */,
			);
			path = ShareAway;
			sourceTree = "<group>";
		};
		BE48DB731BFC0427004537BD /* Supporting Files */ = {
			isa = PBXGroup;
			children = (
				BE48DB741BFC0428004537BD /* main.m */,
			);
			name = "Supporting Files";
			sourceTree = "<group>";
		};
/* End PBXGroup section */

/* Begin PBXNativeTarget section */
		BE48DB6F1BFC0427004537BD /* ShareAway */ = {
			isa = PBXNativeTarget;
			buildConfigurationList = BE48DB871BFC0428004537BD /* Build configuration list for PBXNativeTarget "ShareAway" */;
			buildPhases = (
				BE48DB6C1BFC0427004537BD /* Sources */,
				BE48DB6D1BFC0427004537BD /* Frameworks */,
				BE48DB6E1BFC0427004537BD /* Resources */,
			);
			buildRules = (
			);
			dependencies = (
			);
			name = ShareAway;
			productName = ShareAway;
			productReference = BE48DB701BFC0427004537BD /* ShareAway.app */;
			productType = "com.apple.product-type.application";
		};
/* End PBXNativeTarget section */

/* Begin PBXProject section */
		BE48DB681BFC0427004537BD /* Project object */ = {
			isa = PBXProject;
			attributes = {
				LastUpgradeCheck = 0710;
				ORGANIZATIONNAME = "Hello World Corporation";
				TargetAttributes = {
					BE48DB6F1BFC0427004537BD = {
						CreatedOnToolsVersion = 7.1;
						DevelopmentTeam = TQ3Q56S533;
					};
				};
			};
			buildConfigurationList = BE48DB6B1BFC0427004537BD /* Build configuration list for PBXProject "ShareAway" */;
			compatibilityVersion = "Xcode 3.2";
			developmentRegion = English;
			hasScannedForEncodings = 0;
			knownRegions = (
				en,
				Base,
			);
			mainGroup = BE48DB671BFC0427004537BD;
			productRefGroup = BE48DB711BFC0427004537BD /* Products */;
			projectDirPath = "";
			projectRoot = "";
			targets = (
				BE48DB6F1BFC0427004537BD /* ShareAway */,
			);
		};
/* End PBXProject section */

/* Begin PBXResourcesBuildPhase section */
		BE48DB6E1BFC0427004537BD /* Resources */ = {
			isa = PBXResourcesBuildPhase;
			buildActionMask = 2147483647;
			files = (
				BE48DB831BFC0428004537BD /* LaunchScreen.storyboard in Resources */,
				BE48DB801BFC0428004537BD /* Assets.xcassets in Resources */,
				BE48DB7E1BFC0428004537BD /* Main.storyboard in Resources */,
			);
			runOnlyForDeploymentPostprocessing = 0;
		};
/* End PBXResourcesBuildPhase section */

/* Begin PBXSourcesBuildPhase section */
		BE48DB6C1BFC0427004537BD /* Sources */ = {
			isa = PBXSourcesBuildPhase;
			buildActionMask = 2147483647;
			files = (
				BE48DB7B1BFC0428004537BD /* ViewController.m in Sources */,
				BE48DB781BFC0428004537BD /* AppDelegate.m in Sources */,
				BE48DB751BFC0428004537BD /* main.m in Sources */,
			);
			runOnlyForDeploymentPostprocessing = 0;
		};
/* End PBXSourcesBuildPhase section */

/* Begin PBXVariantGroup section */
		BE48DB7C1BFC0428004537BD /* Main.storyboard */ = {
			isa = PBXVariantGroup;
			children = (
				BE48DB7D1BFC0428004537BD /* Base */,
			);
			name = Main.storyboard;
			sourceTree = "<group>";
		};
		BE48DB811BFC0428004537BD /* LaunchScreen.storyboard */ = {
			isa = PBXVariantGroup;
			children = (
				BE48DB821BFC0428004537BD /* Base */,
			);
			name = LaunchScreen.storyboard;
			sourceTree = "<group>";
		};
/* End PBXVariantGroup section */

/* Begin XCBuildConfiguration section */
		BE48DB851BFC0428004537BD /* Debug */ = {
			isa = XCBuildConfiguration;
			buildSettings = {
				ALWAYS_SEARCH_USER_PATHS = NO;
				CLANG_CXX_LANGUAGE_STANDARD = "gnu++0x";
				CLANG_CXX_LIBRARY = "libc++";
				CLANG_ENABLE_MODULES = YES;
				CLANG_ENABLE_OBJC_ARC = YES;
				CLANG_WARN_BOOL_CONVERSION = YES;
				CLANG_WARN_CONSTANT_CONVERSION = YES;
				CLANG_WARN_DIRECT_OBJC_ISA_USAGE = YES_ERROR;
				CLANG_WARN_EMPTY_BODY = YES;
				CLANG_WARN_ENUM_CONVERSION = YES;
				CLANG_WARN_INT_CONVERSION = YES;
				CLANG_WARN_OBJC_ROOT_CLASS = YES_ERROR;
				CLANG_WARN_UNREACHABLE_CODE = YES;
				CLANG_WARN__DUPLICATE_METHOD_MATCH = YES;
				"CODE_SIGN_IDENTITY[sdk=iphoneos*]" = "iPhone Developer";
				COPY_PHASE_STRIP = NO;
				DEBUG_INFORMATION_FORMAT = dwarf;
				ENABLE_STRICT_OBJC_MSGSEND = YES;
				ENABLE_TESTABILITY = YES;
				GCC_C_LANGUAGE_STANDARD = gnu99;
				GCC_DYNAMIC_NO_PIC = NO;
				GCC_NO_COMMON_BLOCKS = YES;
				GCC_OPTIMIZATION_LEVEL = 0;
				GCC_PREPROCESSOR_DEFINITIONS = (
					"DEBUG=1",
					"$(inherited)",
				);
				GCC_WARN_64_TO_32_BIT_CONVERSION = YES;
				GCC_WARN_ABOUT_RETURN_TYPE = YES_ERROR;
				GCC_WARN_UNDECLARED_SELECTOR = YES;
				GCC_WARN_UNINITIALIZED_AUTOS = YES_AGGRESSIVE;
				GCC_WARN_UNUSED_FUNCTION = YES;
				GCC_WARN_UNUSED_VARIABLE = YES;
				IPHONEOS_DEPLOYMENT_TARGET = 9.1;
				MTL_ENABLE_DEBUG_INFO = YES;
				ONLY_ACTIVE_ARCH = YES;
				SDKROOT = iphoneos;
				TARGETED_DEVICE_FAMILY = "1,2";
			};
			name = Debug;
		};
		BE48DB861BFC0428004537BD /* Release */ = {
			isa = XCBuildConfiguration;
			buildSettings = {
				ALWAYS_SEARCH_USER_PATHS = NO;
				CLANG_CXX_LANGUAGE_STANDARD = "gnu++0x";
				CLANG_CXX_LIBRARY = "libc++";
				CLANG_ENABLE_MODULES = YES;
				CLANG_ENABLE_OBJC_ARC = YES;
				CLANG_WARN_BOOL_CONVERSION = YES;
				CLANG_WARN_CONSTANT_CONVERSION = YES;
				CLANG_WARN_DIRECT_OBJC_ISA_USAGE = YES_ERROR;
				CLANG_WARN_EMPTY_BODY = YES;
				CLANG_WARN_ENUM_CONVERSION = YES;
				CLANG_WARN_INT_CONVERSION = YES;
				CLANG_WARN_OBJC_ROOT_CLASS = YES_ERROR;
				CLANG_WARN_UNREACHABLE_CODE = YES;
				CLANG_WARN__DUPLICATE_METHOD_MATCH = YES;
				"CODE_SIGN_IDENTITY[sdk=iphoneos*]" = "iPhone Developer";
				COPY_PHASE_STRIP = NO;
				DEBUG_INFORMATION_FORMAT = "dwarf-with-dsym";
				ENABLE_NS_ASSERTIONS = NO;
				ENABLE_STRICT_OBJC_MSGSEND = YES;
				GCC_C_LANGUAGE_STANDARD = gnu99;
				GCC_NO_COMMON_BLOCKS = YES;
				GCC_WARN_64_TO_32_BIT_CONVERSION = YES;
				GCC_WARN_ABOUT_RETURN_TYPE = YES_ERROR;
				GCC_WARN_UNDECLARED_SELECTOR = YES;
				GCC_WARN_UNINITIALIZED_AUTOS = YES_AGGRESSIVE;
				GCC_WARN_UNUSED_FUNCTION = YES;
				GCC_WARN_UNUSED_VARIABLE = YES;
				IPHONEOS_DEPLOYMENT_TARGET = 9.1;
				MTL_ENABLE_DEBUG_INFO = NO;
				SDKROOT = iphoneos;
				TARGETED_DEVICE_FAMILY = "1,2";
				VALIDATE_PRODUCT = YES;
			};
			name = Release;
		};
		BE48DB881BFC0428004537BD /* Debug */ = {
			isa = XCBuildConfiguration;
			buildSettings = {
				ASSETCATALOG_COMPILER_APPICON_NAME = AppIcon;
				INFOPLIST_FILE = ShareAway/Info.plist;
				LD_RUNPATH_SEARCH_PATHS = "$(inherited) @executable_path/Frameworks";
				PRODUCT_BUNDLE_IDENTIFIER = Home.ShareAway;
				PRODUCT_NAME = "$(TARGET_NAME)";
			};
			name = Debug;
		};
		BE48DB891BFC0428004537BD /* Release */ = {
			isa = XCBuildConfiguration;
			buildSettings = {
				ASSETCATALOG_COMPILER_APPICON_NAME = AppIcon;
				INFOPLIST_FILE = ShareAway/Info.plist;
				LD_RUNPATH_SEARCH_PATHS = "$(inherited) @executable_path/Frameworks";
				PRODUCT_BUNDLE_IDENTIFIER = Home.ShareAway;
				PRODUCT_NAME = "$(TARGET_NAME)";
			};
			name = Release;
		};
/* End XCBuildConfiguration section */

/* Begin XCConfigurationList section */
		BE48DB6B1BFC0427004537BD /* Build configuration list for PBXProject "ShareAway" */ = {
			isa = XCConfigurationList;
			buildConfigurations = (
				BE48DB851BFC0428004537BD /* Debug */,
				BE48DB861BFC0428004537BD /* Release */,
			);
			defaultConfigurationIsVisible = 0;
			defaultConfigurationName = Release;
		};
		BE48DB871BFC0428004537BD /* Build configuration list for PBXNativeTarget "ShareAway" */ = {
			isa = XCConfigurationList;
			buildConfigurations = (
				BE48DB881BFC0428004537BD /* Debug */,
				BE48DB891BFC0428004537BD /* Release */,
			);
			defaultConfigurationIsVisible = 0;
		};
/* End XCConfigurationList section */
	};
	rootObject = BE48DB681BFC0427004537BD /* Project object */;
}
